{
  "nodes": {
    "nixCats": {
      "locked": {
        "lastModified": 1758545673,
        "narHash": "sha256-MMcEImF7vHqImzrdRlSFCbzGq0ebi/5eSYwypNGr+AA=",
        "owner": "BirdeeHub",
        "repo": "nixCats-nvim",
        "rev": "91f9a4b4605cc3aed835e180eb58a5bd73236407",
        "type": "github"
      },
      "original": {
        "owner": "BirdeeHub",
        "repo": "nixCats-nvim",
        "type": "github"
      }
    },
    "nixpkgs": {
      "locked": {
        "lastModified": 1759632233,
        "narHash": "sha256-krgZxGAIIIKFJS+UB0l8do3sYUDWJc75M72tepmVMzE=",
        "owner": "nixos",
        "repo": "nixpkgs",
        "rev": "d7f52a7a640bc54c7bb414cca603835bf8dd4b10",
        "type": "github"
      },
      "original": {
        "owner": "nixos",
        "ref": "nixpkgs-unstable",
        "repo": "nixpkgs",
        "type": "github"
      }
    },
    "plugins-debugmaster": {
      "flake": false,
      "locked": {
        "lastModified": 1752666818,
        "narHash": "sha256-pdgS0z8KdLsl7VexbPaRPtYc2lebzAgTtM3B52IaCpQ=",
        "owner": "miroshQa",
        "repo": "debugmaster.nvim",
        "rev": "3d144b98c2c23f39123fbf5f10fdff7d6480a0e6",
        "type": "github"
      },
      "original": {
        "owner": "miroshQa",
        "repo": "debugmaster.nvim",
        "type": "github"
      }
    },
    "plugins-quicktype": {
      "flake": false,
      "locked": {
        "lastModified": 1746874816,
        "narHash": "sha256-6BUKuRZ+7cUYvXuP9WF760IID9O4x/hn7uOK5/iApgc=",
        "owner": "midoBB",
        "repo": "nvim-quicktype",
        "rev": "6d557a32fec1fb8a0b635e98cb856b24c7f0ef00",
        "type": "github"
      },
      "original": {
        "owner": "midoBB",
        "repo": "nvim-quicktype",
        "type": "github"
      }
    },
    "plugins-winpick": {
      "flake": false,
      "locked": {
        "lastModified": 1751282954,
        "narHash": "sha256-YXwM0hzqyIob6wMumkqqsPp2nRMuPxYnrHW4ihU6htw=",
        "owner": "MarcusGrass",
        "repo": "nvim_winpick",
        "rev": "18037e9f5ce417bd75d16ebbf70787bcc478c249",
        "type": "github"
      },
      "original": {
        "owner": "MarcusGrass",
        "repo": "nvim_winpick",
        "type": "github"
      }
    },
    "root": {
      "inputs": {
        "nixCats": "nixCats",
        "nixpkgs": "nixpkgs",
        "plugins-debugmaster": "plugins-debugmaster",
        "plugins-quicktype": "plugins-quicktype",
        "plugins-winpick": "plugins-winpick"
      }
    }
  },
  "root": "root",
  "version": 7
}
