{
  "nodes": {
    "nixCats": {
      "locked": {
        "lastModified": 1758545673,
        "narHash": "sha256-MMcEImF7vHqImzrdRlSFCbzGq0ebi/5eSYwypNGr+AA=",
        "owner": "BirdeeHub",
        "repo": "nixCats-nvim",
        "rev": "91f9a4b4605cc3aed835e180eb58a5bd73236407",
        "type": "github"
      },
      "original": {
        "owner": "BirdeeHub",
        "repo": "nixCats-nvim",
        "type": "github"
      }
    },
    "nixpkgs": {
      "locked": {
        "lastModified": 1759417375,
        "narHash": "sha256-O7eHcgkQXJNygY6AypkF9tFhsoDQjpNEojw3eFs73Ow=",
        "owner": "nixos",
        "repo": "nixpkgs",
        "rev": "dc704e6102e76aad573f63b74c742cd96f8f1e6c",
        "type": "github"
      },
      "original": {
        "owner": "nixos",
        "ref": "nixpkgs-unstable",
        "repo": "nixpkgs",
        "type": "github"
      }
    },
    "plugins-menu.nvim": {
      "flake": false,
      "locked": {
        "lastModified": 1748784363,
        "narHash": "sha256-4GfQ6Mo32rsoQAXKZF9Bpnm/sms2hfbrTldpLp5ySoY=",
        "owner": "nvzone",
        "repo": "menu",
        "rev": "7a0a4a2896b715c066cfbe320bdc048091874cc6",
        "type": "github"
      },
      "original": {
        "owner": "nvzone",
        "repo": "menu",
        "type": "github"
      }
    },
    "plugins-quicktype.nvim": {
      "flake": false,
      "locked": {
        "lastModified": 1746874816,
        "narHash": "sha256-6BUKuRZ+7cUYvXuP9WF760IID9O4x/hn7uOK5/iApgc=",
        "owner": "midoBB",
        "repo": "nvim-quicktype",
        "rev": "6d557a32fec1fb8a0b635e98cb856b24c7f0ef00",
        "type": "github"
      },
      "original": {
        "owner": "midoBB",
        "repo": "nvim-quicktype",
        "type": "github"
      }
    },
    "root": {
      "inputs": {
        "nixCats": "nixCats",
        "nixpkgs": "nixpkgs",
        "plugins-menu.nvim": "plugins-menu.nvim",
        "plugins-quicktype.nvim": "plugins-quicktype.nvim"
      }
    }
  },
  "root": "root",
  "version": 7
}
